<?xml version="1.0" encoding="utf-8"?>
<Project ToolsVersion="4.0" xmlns="http://schemas.microsoft.com/developer/msbuild/2003">
  <ItemGroup>
    <Filter Include="SympleCraft">
      <UniqueIdentifier>{8FA46771-FB59-E066-844E-DA3DF002D76A}</UniqueIdentifier>
    </Filter>
    <Filter Include="SympleCraft\Math">
      <UniqueIdentifier>{C83ADE48-B433-FD9A-DD65-E21FC9BDDCA6}</UniqueIdentifier>
    </Filter>
    <Filter Include="SympleCraft\Render">
      <UniqueIdentifier>{1EEC4605-0AD0-075B-7330-02AE5F33F2DC}</UniqueIdentifier>
    </Filter>
    <Filter Include="SympleCraft\Util">
      <UniqueIdentifier>{3CEDE248-28E6-019B-5118-E71F3D70E1A6}</UniqueIdentifier>
    </Filter>
    <Filter Include="SympleCraft\World">
      <UniqueIdentifier>{862E6265-F244-60FB-3BBC-EB1CA7113183}</UniqueIdentifier>
    </Filter>
  </ItemGroup>
  <ItemGroup>
    <ClInclude Include="src\SympleCraft\Math\Matrix.h">
      <Filter>SympleCraft\Math</Filter>
    </ClInclude>
    <ClInclude Include="src\SympleCraft\Math\Vector.h">
      <Filter>SympleCraft\Math</Filter>
    </ClInclude>
    <ClInclude Include="src\SympleCraft\Render\Camera.h">
      <Filter>SympleCraft\Render</Filter>
    </ClInclude>
    <ClInclude Include="src\SympleCraft\Render\Mesh.h">
      <Filter>SympleCraft\Render</Filter>
    </ClInclude>
    <ClInclude Include="src\SympleCraft\Render\Renderer.h">
      <Filter>SympleCraft\Render</Filter>
    </ClInclude>
    <ClInclude Include="src\SympleCraft\Render\Shader.h">
      <Filter>SympleCraft\Render</Filter>
    </ClInclude>
    <ClInclude Include="src\SympleCraft\Util\List.h">
      <Filter>SympleCraft\Util</Filter>
    </ClInclude>
    <ClInclude Include="src\SympleCraft\Window.h">
      <Filter>SympleCraft</Filter>
    </ClInclude>
    <ClInclude Include="src\SympleCraft\World\Block.h">
      <Filter>SympleCraft\World</Filter>
    </ClInclude>
    <ClInclude Include="src\SympleCraft\World\Chunk.h">
      <Filter>SympleCraft\World</Filter>
    </ClInclude>
    <ClInclude Include="src\SympleCraft\World\Transform.h">
      <Filter>SympleCraft\World</Filter>
    </ClInclude>
    <ClInclude Include="src\pch.h" />
    <ClInclude Include="src\SympleCraft\Util\Noise.h" />
  </ItemGroup>
  <ItemGroup>
    <ClCompile Include="src\SympleCraft\Application.c">
      <Filter>SympleCraft</Filter>
    </ClCompile>
    <ClCompile Include="src\SympleCraft\Math\Matrix.c">
      <Filter>SympleCraft\Math</Filter>
    </ClCompile>
    <ClCompile Include="src\SympleCraft\Math\Vector.c">
      <Filter>SympleCraft\Math</Filter>
    </ClCompile>
    <ClCompile Include="src\SympleCraft\Render\Camera.c">
      <Filter>SympleCraft\Render</Filter>
    </ClCompile>
    <ClCompile Include="src\SympleCraft\Render\Mesh.c">
      <Filter>SympleCraft\Render</Filter>
    </ClCompile>
    <ClCompile Include="src\SympleCraft\Render\Renderer.c">
      <Filter>SympleCraft\Render</Filter>
    </ClCompile>
    <ClCompile Include="src\SympleCraft\Render\Shader.c">
      <Filter>SympleCraft\Render</Filter>
    </ClCompile>
    <ClCompile Include="src\SympleCraft\Util\List.c">
      <Filter>SympleCraft\Util</Filter>
    </ClCompile>
    <ClCompile Include="src\SympleCraft\Window.c">
      <Filter>SympleCraft</Filter>
    </ClCompile>
    <ClCompile Include="src\SympleCraft\World\Chunk.c">
      <Filter>SympleCraft\World</Filter>
    </ClCompile>
    <ClCompile Include="src\SympleCraft\World\Transform.c">
      <Filter>SympleCraft\World</Filter>
    </ClCompile>
    <ClCompile Include="src\pch.c" />
    <ClCompile Include="src\SympleCraft\Util\Noise.c" />
  </ItemGroup>
</Project>